
Microsoft Visual Studio Solution File, Format Version 12.00
# Visual Studio Version 16
VisualStudioVersion = 16.0.30907.101
MinimumVisualStudioVersion = 10.0.40219.1
Project("{FAE04EC0-301F-11D3-BF4B-00C04F79EFBC}") = "TwitterListener", "TwitterListener\TwitterListener.csproj", "{09E6A96D-1CF2-423A-91B7-4EE1B77790A9}"
EndProject
Global
	GlobalSection(SolutionConfigurationPlatforms) = preSolution
		Debug|Any CPU = Debug|Any CPU
		Release|Any CPU = Release|Any CPU
	EndGlobalSection
	GlobalSection(ProjectConfigurationPlatforms) = postSolution
		{09E6A96D-1CF2-423A-91B7-4EE1B77790A9}.Debug|Any CPU.ActiveCfg = Debug|Any CPU
		{09E6A96D-1CF2-423A-91B7-4EE1B77790A9}.Debug|Any CPU.Build.0 = Debug|Any CPU
		{09E6A96D-1CF2-423A-91B7-4EE1B77790A9}.Release|Any CPU.ActiveCfg = Release|Any CPU
		{09E6A96D-1CF2-423A-91B7-4EE1B77790A9}.Release|Any CPU.Build.0 = Release|Any CPU
	EndGlobalSection
	GlobalSection(SolutionProperties) = preSolution
		HideSolutionNode = FALSE
	EndGlobalSection
	GlobalSection(ExtensibilityGlobals) = postSolution
		SolutionGuid = {F81BF4F0-1BE7-4B0F-8BE6-CEE7367DEDD2}
	EndGlobalSection
EndGlobal
